// !$*UTF8*$!
{
	archiveVersion = 1;
	classes = {
	};
	objectVersion = 50;
	objects = {

/* Begin PBXBuildFile section */
		D7E23F3F262D0EFF000C5983 /* AppDelegate.swift in Sources */ = {isa = PBXBuildFile; fileRef = D7E23F3E262D0EFF000C5983 /* AppDelegate.swift */; };
		D7E23F41262D0EFF000C5983 /* SceneDelegate.swift in Sources */ = {isa = PBXBuildFile; fileRef = D7E23F40262D0EFF000C5983 /* SceneDelegate.swift */; };
		D7E23F48262D0F01000C5983 /* Assets.xcassets in Resources */ = {isa = PBXBuildFile; fileRef = D7E23F47262D0F01000C5983 /* Assets.xcassets */; };
		D7E23F4B262D0F01000C5983 /* LaunchScreen.storyboard in Resources */ = {isa = PBXBuildFile; fileRef = D7E23F49262D0F01000C5983 /* LaunchScreen.storyboard */; };
		D7E23F58262D0F87000C5983 /* DefaultStyle.swift in Sources */ = {isa = PBXBuildFile; fileRef = D7E23F57262D0F87000C5983 /* DefaultStyle.swift */; };
		D7E23F5C262D1124000C5983 /* Extension+AVPlayerItem.swift in Sources */ = {isa = PBXBuildFile; fileRef = D7E23F5B262D1124000C5983 /* Extension+AVPlayerItem.swift */; };
		D7E23F5F262D13C8000C5983 /* Track.swift in Sources */ = {isa = PBXBuildFile; fileRef = D7E23F5E262D13C8000C5983 /* Track.swift */; };
		D7E23F62262D1483000C5983 /* TrackManager.swift in Sources */ = {isa = PBXBuildFile; fileRef = D7E23F61262D1483000C5983 /* TrackManager.swift */; };
		D7E23F66262D1753000C5983 /* PlayerViewController.swift in Sources */ = {isa = PBXBuildFile; fileRef = D7E23F64262D1753000C5983 /* PlayerViewController.swift */; };
		D7E23F6B262D1778000C5983 /* Player.storyboard in Resources */ = {isa = PBXBuildFile; fileRef = D7E23F6A262D1778000C5983 /* Player.storyboard */; };
		D7E23F6E262D1786000C5983 /* SimplePlayer.swift in Sources */ = {isa = PBXBuildFile; fileRef = D7E23F6D262D1786000C5983 /* SimplePlayer.swift */; };
		D7E23F72262D18BD000C5983 /* TrackCollectionViewCell.swift in Sources */ = {isa = PBXBuildFile; fileRef = D7E23F71262D18BD000C5983 /* TrackCollectionViewCell.swift */; };
		D7E23F75262D18F7000C5983 /* TrackCollectionHeaderView.swift in Sources */ = {isa = PBXBuildFile; fileRef = D7E23F74262D18F7000C5983 /* TrackCollectionHeaderView.swift */; };
		D7E23F78262D190F000C5983 /* HomeViewController.swift in Sources */ = {isa = PBXBuildFile; fileRef = D7E23F77262D190F000C5983 /* HomeViewController.swift */; };
		D7E23F7B262D1918000C5983 /* Main.storyboard in Resources */ = {isa = PBXBuildFile; fileRef = D7E23F7A262D1918000C5983 /* Main.storyboard */; };
		D7E2401D262D4786000C5983 /* i fell in love with you one night in september..mp3 in Resources */ = {isa = PBXBuildFile; fileRef = D7E24007262D4783000C5983 /* i fell in love with you one night in september..mp3 */; };
		D7E2401E262D4786000C5983 /* Sampled in your own sweet way.mp3 in Resources */ = {isa = PBXBuildFile; fileRef = D7E24008262D4783000C5983 /* Sampled in your own sweet way.mp3 */; };
		D7E2401F262D4786000C5983 /* Sleepless.mp3 in Resources */ = {isa = PBXBuildFile; fileRef = D7E24009262D4783000C5983 /* Sleepless.mp3 */; };
		D7E24020262D4786000C5983 /* Getsomerest.mp3 in Resources */ = {isa = PBXBuildFile; fileRef = D7E2400A262D4783000C5983 /* Getsomerest.mp3 */; };
		D7E24021262D4786000C5983 /* Glow.mp3 in Resources */ = {isa = PBXBuildFile; fileRef = D7E2400B262D4784000C5983 /* Glow.mp3 */; };
		D7E24022262D4786000C5983 /* memories (listen on spotify from 3am ep).mp3 in Resources */ = {isa = PBXBuildFile; fileRef = D7E2400C262D4784000C5983 /* memories (listen on spotify from 3am ep).mp3 */; };
		D7E24023262D4786000C5983 /* tranquility.mp3 in Resources */ = {isa = PBXBuildFile; fileRef = D7E2400D262D4784000C5983 /* tranquility.mp3 */; };
		D7E24024262D4786000C5983 /* valentin.mp3 in Resources */ = {isa = PBXBuildFile; fileRef = D7E2400E262D4784000C5983 /* valentin.mp3 */; };
		D7E24025262D4786000C5983 /* im trying to find myself.mp3 in Resources */ = {isa = PBXBuildFile; fileRef = D7E2400F262D4784000C5983 /* im trying to find myself.mp3 */; };
		D7E24026262D4786000C5983 /* always you.mp3 in Resources */ = {isa = PBXBuildFile; fileRef = D7E24010262D4784000C5983 /* always you.mp3 */; };
		D7E24027262D4786000C5983 /* [ asleep ].mp3 in Resources */ = {isa = PBXBuildFile; fileRef = D7E24011262D4784000C5983 /* [ asleep ].mp3 */; };
		D7E24028262D4786000C5983 /* Missing U In The Raining Day.mp3 in Resources */ = {isa = PBXBuildFile; fileRef = D7E24012262D4784000C5983 /* Missing U In The Raining Day.mp3 */; };
		D7E24029262D4786000C5983 /* Bike Rides On The Block.mp3 in Resources */ = {isa = PBXBuildFile; fileRef = D7E24013262D4785000C5983 /* Bike Rides On The Block.mp3 */; };
		D7E2402A262D4786000C5983 /* Chamomile Tea.mp3 in Resources */ = {isa = PBXBuildFile; fileRef = D7E24014262D4785000C5983 /* Chamomile Tea.mp3 */; };
		D7E2402B262D4786000C5983 /* when the leaves start falling.mp3 in Resources */ = {isa = PBXBuildFile; fileRef = D7E24015262D4785000C5983 /* when the leaves start falling.mp3 */; };
		D7E2402C262D4786000C5983 /* Moonlight!.mp3 in Resources */ = {isa = PBXBuildFile; fileRef = D7E24016262D4785000C5983 /* Moonlight!.mp3 */; };
		D7E2402D262D4786000C5983 /* aruarian dance [lounge version].mp3 in Resources */ = {isa = PBXBuildFile; fileRef = D7E24017262D4785000C5983 /* aruarian dance [lounge version].mp3 */; };
		D7E2402E262D4786000C5983 /* distant moon (spotify apple etc).mp3 in Resources */ = {isa = PBXBuildFile; fileRef = D7E24018262D4785000C5983 /* distant moon (spotify apple etc).mp3 */; };
		D7E2402F262D4786000C5983 /* night calls.mp3 in Resources */ = {isa = PBXBuildFile; fileRef = D7E24019262D4785000C5983 /* night calls.mp3 */; };
		D7E24030262D4786000C5983 /* Letting Go.mp3 in Resources */ = {isa = PBXBuildFile; fileRef = D7E2401A262D4786000C5983 /* Letting Go.mp3 */; };
		D7E24031262D4786000C5983 /* Ocean ride __ 海の乗り.mp3 in Resources */ = {isa = PBXBuildFile; fileRef = D7E2401B262D4786000C5983 /* Ocean ride __ 海の乗り.mp3 */; };
		D7E24032262D4786000C5983 /* elijah who - hello.mp3 in Resources */ = {isa = PBXBuildFile; fileRef = D7E2401C262D4786000C5983 /* elijah who - hello.mp3 */; };
/* End PBXBuildFile section */

/* Begin PBXFileReference section */
		D7E23F3B262D0EFF000C5983 /* AppleMusicApp.app */ = {isa = PBXFileReference; explicitFileType = wrapper.application; includeInIndex = 0; path = AppleMusicApp.app; sourceTree = BUILT_PRODUCTS_DIR; };
		D7E23F3E262D0EFF000C5983 /* AppDelegate.swift */ = {isa = PBXFileReference; lastKnownFileType = sourcecode.swift; path = AppDelegate.swift; sourceTree = "<group>"; };
		D7E23F40262D0EFF000C5983 /* SceneDelegate.swift */ = {isa = PBXFileReference; lastKnownFileType = sourcecode.swift; path = SceneDelegate.swift; sourceTree = "<group>"; };
		D7E23F47262D0F01000C5983 /* Assets.xcassets */ = {isa = PBXFileReference; lastKnownFileType = folder.assetcatalog; path = Assets.xcassets; sourceTree = "<group>"; };
		D7E23F4A262D0F01000C5983 /* Base */ = {isa = PBXFileReference; lastKnownFileType = file.storyboard; name = Base; path = Base.lproj/LaunchScreen.storyboard; sourceTree = "<group>"; };
		D7E23F4C262D0F01000C5983 /* Info.plist */ = {isa = PBXFileReference; lastKnownFileType = text.plist.xml; path = Info.plist; sourceTree = "<group>"; };
		D7E23F57262D0F87000C5983 /* DefaultStyle.swift */ = {isa = PBXFileReference; lastKnownFileType = sourcecode.swift; path = DefaultStyle.swift; sourceTree = "<group>"; };
		D7E23F5B262D1124000C5983 /* Extension+AVPlayerItem.swift */ = {isa = PBXFileReference; lastKnownFileType = sourcecode.swift; path = "Extension+AVPlayerItem.swift"; sourceTree = "<group>"; };
		D7E23F5E262D13C8000C5983 /* Track.swift */ = {isa = PBXFileReference; lastKnownFileType = sourcecode.swift; path = Track.swift; sourceTree = "<group>"; };
		D7E23F61262D1483000C5983 /* TrackManager.swift */ = {isa = PBXFileReference; lastKnownFileType = sourcecode.swift; path = TrackManager.swift; sourceTree = "<group>"; };
		D7E23F64262D1753000C5983 /* PlayerViewController.swift */ = {isa = PBXFileReference; lastKnownFileType = sourcecode.swift; path = PlayerViewController.swift; sourceTree = "<group>"; };
		D7E23F6A262D1778000C5983 /* Player.storyboard */ = {isa = PBXFileReference; lastKnownFileType = file.storyboard; path = Player.storyboard; sourceTree = "<group>"; };
		D7E23F6D262D1786000C5983 /* SimplePlayer.swift */ = {isa = PBXFileReference; lastKnownFileType = sourcecode.swift; path = SimplePlayer.swift; sourceTree = "<group>"; };
		D7E23F71262D18BD000C5983 /* TrackCollectionViewCell.swift */ = {isa = PBXFileReference; lastKnownFileType = sourcecode.swift; path = TrackCollectionViewCell.swift; sourceTree = "<group>"; };
		D7E23F74262D18F7000C5983 /* TrackCollectionHeaderView.swift */ = {isa = PBXFileReference; lastKnownFileType = sourcecode.swift; path = TrackCollectionHeaderView.swift; sourceTree = "<group>"; };
		D7E23F77262D190F000C5983 /* HomeViewController.swift */ = {isa = PBXFileReference; lastKnownFileType = sourcecode.swift; path = HomeViewController.swift; sourceTree = "<group>"; };
		D7E23F7A262D1918000C5983 /* Main.storyboard */ = {isa = PBXFileReference; lastKnownFileType = file.storyboard; path = Main.storyboard; sourceTree = "<group>"; };
		D7E24007262D4783000C5983 /* i fell in love with you one night in september..mp3 */ = {isa = PBXFileReference; lastKnownFileType = audio.mp3; path = "i fell in love with you one night in september..mp3"; sourceTree = "<group>"; };
		D7E24008262D4783000C5983 /* Sampled in your own sweet way.mp3 */ = {isa = PBXFileReference; lastKnownFileType = audio.mp3; path = "Sampled in your own sweet way.mp3"; sourceTree = "<group>"; };
		D7E24009262D4783000C5983 /* Sleepless.mp3 */ = {isa = PBXFileReference; lastKnownFileType = audio.mp3; path = Sleepless.mp3; sourceTree = "<group>"; };
		D7E2400A262D4783000C5983 /* Getsomerest.mp3 */ = {isa = PBXFileReference; lastKnownFileType = audio.mp3; path = Getsomerest.mp3; sourceTree = "<group>"; };
		D7E2400B262D4784000C5983 /* Glow.mp3 */ = {isa = PBXFileReference; lastKnownFileType = audio.mp3; path = Glow.mp3; sourceTree = "<group>"; };
		D7E2400C262D4784000C5983 /* memories (listen on spotify from 3am ep).mp3 */ = {isa = PBXFileReference; lastKnownFileType = audio.mp3; path = "memories (listen on spotify from 3am ep).mp3"; sourceTree = "<group>"; };
		D7E2400D262D4784000C5983 /* tranquility.mp3 */ = {isa = PBXFileReference; lastKnownFileType = audio.mp3; path = tranquility.mp3; sourceTree = "<group>"; };
		D7E2400E262D4784000C5983 /* valentin.mp3 */ = {isa = PBXFileReference; lastKnownFileType = audio.mp3; path = valentin.mp3; sourceTree = "<group>"; };
		D7E2400F262D4784000C5983 /* im trying to find myself.mp3 */ = {isa = PBXFileReference; lastKnownFileType = audio.mp3; path = "im trying to find myself.mp3"; sourceTree = "<group>"; };
		D7E24010262D4784000C5983 /* always you.mp3 */ = {isa = PBXFileReference; lastKnownFileType = audio.mp3; path = "always you.mp3"; sourceTree = "<group>"; };
		D7E24011262D4784000C5983 /* [ asleep ].mp3 */ = {isa = PBXFileReference; lastKnownFileType = audio.mp3; path = "[ asleep ].mp3"; sourceTree = "<group>"; };
		D7E24012262D4784000C5983 /* Missing U In The Raining Day.mp3 */ = {isa = PBXFileReference; lastKnownFileType = audio.mp3; path = "Missing U In The Raining Day.mp3"; sourceTree = "<group>"; };
		D7E24013262D4785000C5983 /* Bike Rides On The Block.mp3 */ = {isa = PBXFileReference; lastKnownFileType = audio.mp3; path = "Bike Rides On The Block.mp3"; sourceTree = "<group>"; };
		D7E24014262D4785000C5983 /* Chamomile Tea.mp3 */ = {isa = PBXFileReference; lastKnownFileType = audio.mp3; path = "Chamomile Tea.mp3"; sourceTree = "<group>"; };
		D7E24015262D4785000C5983 /* when the leaves start falling.mp3 */ = {isa = PBXFileReference; lastKnownFileType = audio.mp3; path = "when the leaves start falling.mp3"; sourceTree = "<group>"; };
		D7E24016262D4785000C5983 /* Moonlight!.mp3 */ = {isa = PBXFileReference; lastKnownFileType = audio.mp3; path = "Moonlight!.mp3"; sourceTree = "<group>"; };
		D7E24017262D4785000C5983 /* aruarian dance [lounge version].mp3 */ = {isa = PBXFileReference; lastKnownFileType = audio.mp3; path = "aruarian dance [lounge version].mp3"; sourceTree = "<group>"; };
		D7E24018262D4785000C5983 /* distant moon (spotify apple etc).mp3 */ = {isa = PBXFileReference; lastKnownFileType = audio.mp3; path = "distant moon (spotify apple etc).mp3"; sourceTree = "<group>"; };
		D7E24019262D4785000C5983 /* night calls.mp3 */ = {isa = PBXFileReference; lastKnownFileType = audio.mp3; path = "night calls.mp3"; sourceTree = "<group>"; };
		D7E2401A262D4786000C5983 /* Letting Go.mp3 */ = {isa = PBXFileReference; lastKnownFileType = audio.mp3; path = "Letting Go.mp3"; sourceTree = "<group>"; };
		D7E2401B262D4786000C5983 /* Ocean ride __ 海の乗り.mp3 */ = {isa = PBXFileReference; lastKnownFileType = audio.mp3; path = "Ocean ride __ 海の乗り.mp3"; sourceTree = "<group>"; };
		D7E2401C262D4786000C5983 /* elijah who - hello.mp3 */ = {isa = PBXFileReference; lastKnownFileType = audio.mp3; path = "elijah who - hello.mp3"; sourceTree = "<group>"; };
/* End PBXFileReference section */

/* Begin PBXFrameworksBuildPhase section */
		D7E23F38262D0EFF000C5983 /* Frameworks */ = {
			isa = PBXFrameworksBuildPhase;
			buildActionMask = 2147483647;
			files = (
			);
			runOnlyForDeploymentPostprocessing = 0;
		};
/* End PBXFrameworksBuildPhase section */

/* Begin PBXGroup section */
		D7E23F32262D0EFF000C5983 = {
			isa = PBXGroup;
			children = (
				D7E23F3D262D0EFF000C5983 /* AppleMusicApp */,
				D7E23F3C262D0EFF000C5983 /* Products */,
			);
			sourceTree = "<group>";
		};
		D7E23F3C262D0EFF000C5983 /* Products */ = {
			isa = PBXGroup;
			children = (
				D7E23F3B262D0EFF000C5983 /* AppleMusicApp.app */,
			);
			name = Products;
			sourceTree = "<group>";
		};
		D7E23F3D262D0EFF000C5983 /* AppleMusicApp */ = {
			isa = PBXGroup;
			children = (
				D7E23F7E262D3F20000C5983 /* Resources */,
				D7E23F56262D0F1A000C5983 /* Home */,
				D7E23F55262D0F14000C5983 /* Player */,
				D7E23F54262D0F0E000C5983 /* Track */,
				D7E23F53262D0F08000C5983 /* Style */,
				D7E23F3E262D0EFF000C5983 /* AppDelegate.swift */,
				D7E23F40262D0EFF000C5983 /* SceneDelegate.swift */,
				D7E23F47262D0F01000C5983 /* Assets.xcassets */,
				D7E23F49262D0F01000C5983 /* LaunchScreen.storyboard */,
				D7E23F4C262D0F01000C5983 /* Info.plist */,
			);
			path = AppleMusicApp;
			sourceTree = "<group>";
		};
		D7E23F53262D0F08000C5983 /* Style */ = {
			isa = PBXGroup;
			children = (
				D7E23F57262D0F87000C5983 /* DefaultStyle.swift */,
			);
			path = Style;
			sourceTree = "<group>";
		};
		D7E23F54262D0F0E000C5983 /* Track */ = {
			isa = PBXGroup;
			children = (
				D7E23F5B262D1124000C5983 /* Extension+AVPlayerItem.swift */,
				D7E23F5E262D13C8000C5983 /* Track.swift */,
				D7E23F61262D1483000C5983 /* TrackManager.swift */,
			);
			path = Track;
			sourceTree = "<group>";
		};
		D7E23F55262D0F14000C5983 /* Player */ = {
			isa = PBXGroup;
			children = (
				D7E23F6D262D1786000C5983 /* SimplePlayer.swift */,
				D7E23F64262D1753000C5983 /* PlayerViewController.swift */,
				D7E23F6A262D1778000C5983 /* Player.storyboard */,
			);
			path = Player;
			sourceTree = "<group>";
		};
		D7E23F56262D0F1A000C5983 /* Home */ = {
			isa = PBXGroup;
			children = (
				D7E23F7A262D1918000C5983 /* Main.storyboard */,
				D7E23F77262D190F000C5983 /* HomeViewController.swift */,
				D7E23F74262D18F7000C5983 /* TrackCollectionHeaderView.swift */,
				D7E23F71262D18BD000C5983 /* TrackCollectionViewCell.swift */,
			);
			path = Home;
			sourceTree = "<group>";
		};
		D7E23F7E262D3F20000C5983 /* Resources */ = {
			isa = PBXGroup;
			children = (
				D7E24011262D4784000C5983 /* [ asleep ].mp3 */,
				D7E24010262D4784000C5983 /* always you.mp3 */,
				D7E24017262D4785000C5983 /* aruarian dance [lounge version].mp3 */,
				D7E24013262D4785000C5983 /* Bike Rides On The Block.mp3 */,
				D7E24014262D4785000C5983 /* Chamomile Tea.mp3 */,
				D7E24018262D4785000C5983 /* distant moon (spotify apple etc).mp3 */,
				D7E2401C262D4786000C5983 /* elijah who - hello.mp3 */,
				D7E2400A262D4783000C5983 /* Getsomerest.mp3 */,
				D7E2400B262D4784000C5983 /* Glow.mp3 */,
				D7E24007262D4783000C5983 /* i fell in love with you one night in september..mp3 */,
				D7E2400F262D4784000C5983 /* im trying to find myself.mp3 */,
				D7E2401A262D4786000C5983 /* Letting Go.mp3 */,
				D7E2400C262D4784000C5983 /* memories (listen on spotify from 3am ep).mp3 */,
				D7E24012262D4784000C5983 /* Missing U In The Raining Day.mp3 */,
				D7E24016262D4785000C5983 /* Moonlight!.mp3 */,
				D7E24019262D4785000C5983 /* night calls.mp3 */,
				D7E2401B262D4786000C5983 /* Ocean ride __ 海の乗り.mp3 */,
				D7E24008262D4783000C5983 /* Sampled in your own sweet way.mp3 */,
				D7E24009262D4783000C5983 /* Sleepless.mp3 */,
				D7E2400D262D4784000C5983 /* tranquility.mp3 */,
				D7E2400E262D4784000C5983 /* valentin.mp3 */,
				D7E24015262D4785000C5983 /* when the leaves start falling.mp3 */,
			);
			path = Resources;
			sourceTree = "<group>";
		};
/* End PBXGroup section */

/* Begin PBXNativeTarget section */
		D7E23F3A262D0EFF000C5983 /* AppleMusicApp */ = {
			isa = PBXNativeTarget;
			buildConfigurationList = D7E23F4F262D0F01000C5983 /* Build configuration list for PBXNativeTarget "AppleMusicApp" */;
			buildPhases = (
				D7E23F37262D0EFF000C5983 /* Sources */,
				D7E23F38262D0EFF000C5983 /* Frameworks */,
				D7E23F39262D0EFF000C5983 /* Resources */,
			);
			buildRules = (
			);
			dependencies = (
			);
			name = AppleMusicApp;
			productName = AppleMusicApp;
			productReference = D7E23F3B262D0EFF000C5983 /* AppleMusicApp.app */;
			productType = "com.apple.product-type.application";
		};
/* End PBXNativeTarget section */

/* Begin PBXProject section */
		D7E23F33262D0EFF000C5983 /* Project object */ = {
			isa = PBXProject;
			attributes = {
				LastSwiftUpdateCheck = 1240;
				LastUpgradeCheck = 1240;
				TargetAttributes = {
					D7E23F3A262D0EFF000C5983 = {
						CreatedOnToolsVersion = 12.4;
					};
				};
			};
			buildConfigurationList = D7E23F36262D0EFF000C5983 /* Build configuration list for PBXProject "AppleMusicApp" */;
			compatibilityVersion = "Xcode 9.3";
			developmentRegion = en;
			hasScannedForEncodings = 0;
			knownRegions = (
				en,
				Base,
			);
			mainGroup = D7E23F32262D0EFF000C5983;
			productRefGroup = D7E23F3C262D0EFF000C5983 /* Products */;
			projectDirPath = "";
			projectRoot = "";
			targets = (
				D7E23F3A262D0EFF000C5983 /* AppleMusicApp */,
			);
		};
/* End PBXProject section */

/* Begin PBXResourcesBuildPhase section */
		D7E23F39262D0EFF000C5983 /* Resources */ = {
			isa = PBXResourcesBuildPhase;
			buildActionMask = 2147483647;
			files = (
				D7E2402A262D4786000C5983 /* Chamomile Tea.mp3 in Resources */,
				D7E24029262D4786000C5983 /* Bike Rides On The Block.mp3 in Resources */,
				D7E2401E262D4786000C5983 /* Sampled in your own sweet way.mp3 in Resources */,
				D7E2402C262D4786000C5983 /* Moonlight!.mp3 in Resources */,
				D7E23F4B262D0F01000C5983 /* LaunchScreen.storyboard in Resources */,
				D7E23F7B262D1918000C5983 /* Main.storyboard in Resources */,
				D7E24022262D4786000C5983 /* memories (listen on spotify from 3am ep).mp3 in Resources */,
				D7E2401F262D4786000C5983 /* Sleepless.mp3 in Resources */,
				D7E2402B262D4786000C5983 /* when the leaves start falling.mp3 in Resources */,
				D7E24024262D4786000C5983 /* valentin.mp3 in Resources */,
				D7E2402E262D4786000C5983 /* distant moon (spotify apple etc).mp3 in Resources */,
				D7E24030262D4786000C5983 /* Letting Go.mp3 in Resources */,
				D7E24031262D4786000C5983 /* Ocean ride __ 海の乗り.mp3 in Resources */,
				D7E23F6B262D1778000C5983 /* Player.storyboard in Resources */,
				D7E2402D262D4786000C5983 /* aruarian dance [lounge version].mp3 in Resources */,
				D7E2401D262D4786000C5983 /* i fell in love with you one night in september..mp3 in Resources */,
				D7E2402F262D4786000C5983 /* night calls.mp3 in Resources */,
				D7E24020262D4786000C5983 /* Getsomerest.mp3 in Resources */,
				D7E24028262D4786000C5983 /* Missing U In The Raining Day.mp3 in Resources */,
				D7E24032262D4786000C5983 /* elijah who - hello.mp3 in Resources */,
				D7E24021262D4786000C5983 /* Glow.mp3 in Resources */,
				D7E23F48262D0F01000C5983 /* Assets.xcassets in Resources */,
				D7E24025262D4786000C5983 /* im trying to find myself.mp3 in Resources */,
				D7E24026262D4786000C5983 /* always you.mp3 in Resources */,
				D7E24027262D4786000C5983 /* [ asleep ].mp3 in Resources */,
				D7E24023262D4786000C5983 /* tranquility.mp3 in Resources */,
			);
			runOnlyForDeploymentPostprocessing = 0;
		};
/* End PBXResourcesBuildPhase section */

/* Begin PBXSourcesBuildPhase section */
		D7E23F37262D0EFF000C5983 /* Sources */ = {
			isa = PBXSourcesBuildPhase;
			buildActionMask = 2147483647;
			files = (
				D7E23F66262D1753000C5983 /* PlayerViewController.swift in Sources */,
				D7E23F3F262D0EFF000C5983 /* AppDelegate.swift in Sources */,
				D7E23F62262D1483000C5983 /* TrackManager.swift in Sources */,
				D7E23F5C262D1124000C5983 /* Extension+AVPlayerItem.swift in Sources */,
				D7E23F6E262D1786000C5983 /* SimplePlayer.swift in Sources */,
				D7E23F75262D18F7000C5983 /* TrackCollectionHeaderView.swift in Sources */,
				D7E23F41262D0EFF000C5983 /* SceneDelegate.swift in Sources */,
				D7E23F58262D0F87000C5983 /* DefaultStyle.swift in Sources */,
				D7E23F72262D18BD000C5983 /* TrackCollectionViewCell.swift in Sources */,
				D7E23F5F262D13C8000C5983 /* Track.swift in Sources */,
				D7E23F78262D190F000C5983 /* HomeViewController.swift in Sources */,
			);
			runOnlyForDeploymentPostprocessing = 0;
		};
/* End PBXSourcesBuildPhase section */

/* Begin PBXVariantGroup section */
		D7E23F49262D0F01000C5983 /* LaunchScreen.storyboard */ = {
			isa = PBXVariantGroup;
			children = (
				D7E23F4A262D0F01000C5983 /* Base */,
			);
			name = LaunchScreen.storyboard;
			sourceTree = "<group>";
		};
/* End PBXVariantGroup section */

/* Begin XCBuildConfiguration section */
		D7E23F4D262D0F01000C5983 /* Debug */ = {
			isa = XCBuildConfiguration;
			buildSettings = {
				ALWAYS_SEARCH_USER_PATHS = NO;
				CLANG_ANALYZER_NONNULL = YES;
				CLANG_ANALYZER_NUMBER_OBJECT_CONVERSION = YES_AGGRESSIVE;
				CLANG_CXX_LANGUAGE_STANDARD = "gnu++14";
				CLANG_CXX_LIBRARY = "libc++";
				CLANG_ENABLE_MODULES = YES;
				CLANG_ENABLE_OBJC_ARC = YES;
				CLANG_ENABLE_OBJC_WEAK = YES;
				CLANG_WARN_BLOCK_CAPTURE_AUTORELEASING = YES;
				CLANG_WARN_BOOL_CONVERSION = YES;
				CLANG_WARN_COMMA = YES;
				CLANG_WARN_CONSTANT_CONVERSION = YES;
				CLANG_WARN_DEPRECATED_OBJC_IMPLEMENTATIONS = YES;
				CLANG_WARN_DIRECT_OBJC_ISA_USAGE = YES_ERROR;
				CLANG_WARN_DOCUMENTATION_COMMENTS = YES;
				CLANG_WARN_EMPTY_BODY = YES;
				CLANG_WARN_ENUM_CONVERSION = YES;
				CLANG_WARN_INFINITE_RECURSION = YES;
				CLANG_WARN_INT_CONVERSION = YES;
				CLANG_WARN_NON_LITERAL_NULL_CONVERSION = YES;
				CLANG_WARN_OBJC_IMPLICIT_RETAIN_SELF = YES;
				CLANG_WARN_OBJC_LITERAL_CONVERSION = YES;
				CLANG_WARN_OBJC_ROOT_CLASS = YES_ERROR;
				CLANG_WARN_QUOTED_INCLUDE_IN_FRAMEWORK_HEADER = YES;
				CLANG_WARN_RANGE_LOOP_ANALYSIS = YES;
				CLANG_WARN_STRICT_PROTOTYPES = YES;
				CLANG_WARN_SUSPICIOUS_MOVE = YES;
				CLANG_WARN_UNGUARDED_AVAILABILITY = YES_AGGRESSIVE;
				CLANG_WARN_UNREACHABLE_CODE = YES;
				CLANG_WARN__DUPLICATE_METHOD_MATCH = YES;
				COPY_PHASE_STRIP = NO;
				DEBUG_INFORMATION_FORMAT = dwarf;
				ENABLE_STRICT_OBJC_MSGSEND = YES;
				ENABLE_TESTABILITY = YES;
				GCC_C_LANGUAGE_STANDARD = gnu11;
				GCC_DYNAMIC_NO_PIC = NO;
				GCC_NO_COMMON_BLOCKS = YES;
				GCC_OPTIMIZATION_LEVEL = 0;
				GCC_PREPROCESSOR_DEFINITIONS = (
					"DEBUG=1",
					"$(inherited)",
				);
				GCC_WARN_64_TO_32_BIT_CONVERSION = YES;
				GCC_WARN_ABOUT_RETURN_TYPE = YES_ERROR;
				GCC_WARN_UNDECLARED_SELECTOR = YES;
				GCC_WARN_UNINITIALIZED_AUTOS = YES_AGGRESSIVE;
				GCC_WARN_UNUSED_FUNCTION = YES;
				GCC_WARN_UNUSED_VARIABLE = YES;
				IPHONEOS_DEPLOYMENT_TARGET = 14.4;
				MTL_ENABLE_DEBUG_INFO = INCLUDE_SOURCE;
				MTL_FAST_MATH = YES;
				ONLY_ACTIVE_ARCH = YES;
				SDKROOT = iphoneos;
				SWIFT_ACTIVE_COMPILATION_CONDITIONS = DEBUG;
				SWIFT_OPTIMIZATION_LEVEL = "-Onone";
			};
			name = Debug;
		};
		D7E23F4E262D0F01000C5983 /* Release */ = {
			isa = XCBuildConfiguration;
			buildSettings = {
				ALWAYS_SEARCH_USER_PATHS = NO;
				CLANG_ANALYZER_NONNULL = YES;
				CLANG_ANALYZER_NUMBER_OBJECT_CONVERSION = YES_AGGRESSIVE;
				CLANG_CXX_LANGUAGE_STANDARD = "gnu++14";
				CLANG_CXX_LIBRARY = "libc++";
				CLANG_ENABLE_MODULES = YES;
				CLANG_ENABLE_OBJC_ARC = YES;
				CLANG_ENABLE_OBJC_WEAK = YES;
				CLANG_WARN_BLOCK_CAPTURE_AUTORELEASING = YES;
				CLANG_WARN_BOOL_CONVERSION = YES;
				CLANG_WARN_COMMA = YES;
				CLANG_WARN_CONSTANT_CONVERSION = YES;
				CLANG_WARN_DEPRECATED_OBJC_IMPLEMENTATIONS = YES;
				CLANG_WARN_DIRECT_OBJC_ISA_USAGE = YES_ERROR;
				CLANG_WARN_DOCUMENTATION_COMMENTS = YES;
				CLANG_WARN_EMPTY_BODY = YES;
				CLANG_WARN_ENUM_CONVERSION = YES;
				CLANG_WARN_INFINITE_RECURSION = YES;
				CLANG_WARN_INT_CONVERSION = YES;
				CLANG_WARN_NON_LITERAL_NULL_CONVERSION = YES;
				CLANG_WARN_OBJC_IMPLICIT_RETAIN_SELF = YES;
				CLANG_WARN_OBJC_LITERAL_CONVERSION = YES;
				CLANG_WARN_OBJC_ROOT_CLASS = YES_ERROR;
				CLANG_WARN_QUOTED_INCLUDE_IN_FRAMEWORK_HEADER = YES;
				CLANG_WARN_RANGE_LOOP_ANALYSIS = YES;
				CLANG_WARN_STRICT_PROTOTYPES = YES;
				CLANG_WARN_SUSPICIOUS_MOVE = YES;
				CLANG_WARN_UNGUARDED_AVAILABILITY = YES_AGGRESSIVE;
				CLANG_WARN_UNREACHABLE_CODE = YES;
				CLANG_WARN__DUPLICATE_METHOD_MATCH = YES;
				COPY_PHASE_STRIP = NO;
				DEBUG_INFORMATION_FORMAT = "dwarf-with-dsym";
				ENABLE_NS_ASSERTIONS = NO;
				ENABLE_STRICT_OBJC_MSGSEND = YES;
				GCC_C_LANGUAGE_STANDARD = gnu11;
				GCC_NO_COMMON_BLOCKS = YES;
				GCC_WARN_64_TO_32_BIT_CONVERSION = YES;
				GCC_WARN_ABOUT_RETURN_TYPE = YES_ERROR;
				GCC_WARN_UNDECLARED_SELECTOR = YES;
				GCC_WARN_UNINITIALIZED_AUTOS = YES_AGGRESSIVE;
				GCC_WARN_UNUSED_FUNCTION = YES;
				GCC_WARN_UNUSED_VARIABLE = YES;
				IPHONEOS_DEPLOYMENT_TARGET = 14.4;
				MTL_ENABLE_DEBUG_INFO = NO;
				MTL_FAST_MATH = YES;
				SDKROOT = iphoneos;
				SWIFT_COMPILATION_MODE = wholemodule;
				SWIFT_OPTIMIZATION_LEVEL = "-O";
				VALIDATE_PRODUCT = YES;
			};
			name = Release;
		};
		D7E23F50262D0F01000C5983 /* Debug */ = {
			isa = XCBuildConfiguration;
			buildSettings = {
				ASSETCATALOG_COMPILER_APPICON_NAME = AppIcon;
				ASSETCATALOG_COMPILER_GLOBAL_ACCENT_COLOR_NAME = AccentColor;
				CODE_SIGN_STYLE = Automatic;
				DEVELOPMENT_TEAM = U4T3R7AY6X;
				INFOPLIST_FILE = AppleMusicApp/Info.plist;
				LD_RUNPATH_SEARCH_PATHS = (
					"$(inherited)",
					"@executable_path/Frameworks",
				);
				PRODUCT_BUNDLE_IDENTIFIER = com.lyc.AppleMusicApp;
				PRODUCT_NAME = "$(TARGET_NAME)";
				SWIFT_VERSION = 5.0;
				TARGETED_DEVICE_FAMILY = "1,2";
			};
			name = Debug;
		};
		D7E23F51262D0F01000C5983 /* Release */ = {
			isa = XCBuildConfiguration;
			buildSettings = {
				ASSETCATALOG_COMPILER_APPICON_NAME = AppIcon;
				ASSETCATALOG_COMPILER_GLOBAL_ACCENT_COLOR_NAME = AccentColor;
				CODE_SIGN_STYLE = Automatic;
				DEVELOPMENT_TEAM = U4T3R7AY6X;
				INFOPLIST_FILE = AppleMusicApp/Info.plist;
				LD_RUNPATH_SEARCH_PATHS = (
					"$(inherited)",
					"@executable_path/Frameworks",
				);
				PRODUCT_BUNDLE_IDENTIFIER = com.lyc.AppleMusicApp;
				PRODUCT_NAME = "$(TARGET_NAME)";
				SWIFT_VERSION = 5.0;
				TARGETED_DEVICE_FAMILY = "1,2";
			};
			name = Release;
		};
/* End XCBuildConfiguration section */

/* Begin XCConfigurationList section */
		D7E23F36262D0EFF000C5983 /* Build configuration list for PBXProject "AppleMusicApp" */ = {
			isa = XCConfigurationList;
			buildConfigurations = (
				D7E23F4D262D0F01000C5983 /* Debug */,
				D7E23F4E262D0F01000C5983 /* Release */,
			);
			defaultConfigurationIsVisible = 0;
			defaultConfigurationName = Release;
		};
		D7E23F4F262D0F01000C5983 /* Build configuration list for PBXNativeTarget "AppleMusicApp" */ = {
			isa = XCConfigurationList;
			buildConfigurations = (
				D7E23F50262D0F01000C5983 /* Debug */,
				D7E23F51262D0F01000C5983 /* Release */,
			);
			defaultConfigurationIsVisible = 0;
			defaultConfigurationName = Release;
		};
/* End XCConfigurationList section */
	};
	rootObject = D7E23F33262D0EFF000C5983 /* Project object */;
}
